
Microsoft Visual Studio Solution File, Format Version 12.00
# Visual Studio Version 17
VisualStudioVersion = 17.13.35825.156 d17.13
MinimumVisualStudioVersion = 10.0.40219.1
Project("{FAE04EC0-301F-11D3-BF4B-00C04F79EFBC}") = "TestApp", "TestApp\TestApp.csproj", "{0D03CE46-63BD-49F7-98B3-3B562FB1546B}"
EndProject
Project("{FAE04EC0-301F-11D3-BF4B-00C04F79EFBC}") = "Storage", "Storage\Storage.csproj", "{6F651A85-2456-4DA1-9183-4558C7DD28B1}"
EndProject
Global
	GlobalSection(SolutionConfigurationPlatforms) = preSolution
		Debug|Any CPU = Debug|Any CPU
		Release|Any CPU = Release|Any CPU
	EndGlobalSection
	GlobalSection(ProjectConfigurationPlatforms) = postSolution
		{0D03CE46-63BD-49F7-98B3-3B562FB1546B}.Debug|Any CPU.ActiveCfg = Debug|Any CPU
		{0D03CE46-63BD-49F7-98B3-3B562FB1546B}.Debug|Any CPU.Build.0 = Debug|Any CPU
		{0D03CE46-63BD-49F7-98B3-3B562FB1546B}.Release|Any CPU.ActiveCfg = Release|Any CPU
		{0D03CE46-63BD-49F7-98B3-3B562FB1546B}.Release|Any CPU.Build.0 = Release|Any CPU
		{6F651A85-2456-4DA1-9183-4558C7DD28B1}.Debug|Any CPU.ActiveCfg = Debug|Any CPU
		{6F651A85-2456-4DA1-9183-4558C7DD28B1}.Debug|Any CPU.Build.0 = Debug|Any CPU
		{6F651A85-2456-4DA1-9183-4558C7DD28B1}.Release|Any CPU.ActiveCfg = Release|Any CPU
		{6F651A85-2456-4DA1-9183-4558C7DD28B1}.Release|Any CPU.Build.0 = Release|Any CPU
	EndGlobalSection
	GlobalSection(SolutionProperties) = preSolution
		HideSolutionNode = FALSE
	EndGlobalSection
	GlobalSection(ExtensibilityGlobals) = postSolution
		SolutionGuid = {40A2F1BA-C9FD-47E5-AC55-30870F9D9912}
	EndGlobalSection
EndGlobal
